
Microsoft Visual Studio Solution File, Format Version 12.00
# Visual Studio Version 16
VisualStudioVersion = 16.0.31410.357
MinimumVisualStudioVersion = 10.0.40219.1
Project("{FAE04EC0-301F-11D3-BF4B-00C04F79EFBC}") = "QuanLyNhaTroMain", "QuanLyNhaTroMain\QuanLyNhaTroMain.csproj", "{FD9C3E18-2D94-49C2-97A7-A2F6F3D14229}"
EndProject
Global
	GlobalSection(SolutionConfigurationPlatforms) = preSolution
		Debug|Any CPU = Debug|Any CPU
		Release|Any CPU = Release|Any CPU
	EndGlobalSection
	GlobalSection(ProjectConfigurationPlatforms) = postSolution
		{FD9C3E18-2D94-49C2-97A7-A2F6F3D14229}.Debug|Any CPU.ActiveCfg = Debug|Any CPU
		{FD9C3E18-2D94-49C2-97A7-A2F6F3D14229}.Debug|Any CPU.Build.0 = Debug|Any CPU
		{FD9C3E18-2D94-49C2-97A7-A2F6F3D14229}.Release|Any CPU.ActiveCfg = Release|Any CPU
		{FD9C3E18-2D94-49C2-97A7-A2F6F3D14229}.Release|Any CPU.Build.0 = Release|Any CPU
	EndGlobalSection
	GlobalSection(SolutionProperties) = preSolution
		HideSolutionNode = FALSE
	EndGlobalSection
	GlobalSection(ExtensibilityGlobals) = postSolution
		SolutionGuid = {EAD614E9-B8C5-4DEA-851C-0839A99135CB}
	EndGlobalSection
EndGlobal
